
Microsoft Visual Studio Solution File, Format Version 12.00
# Visual Studio Version 16
VisualStudioVersion = 16.0.29926.136
MinimumVisualStudioVersion = 10.0.40219.1
Project("{FAE04EC0-301F-11D3-BF4B-00C04F79EFBC}") = "UI", "UI\UI.csproj", "{9CF000BF-DD2F-4BEC-B1A1-78AC18AE281E}"
EndProject
Global
	GlobalSection(SolutionConfigurationPlatforms) = preSolution
		Debug|Any CPU = Debug|Any CPU
		Release|Any CPU = Release|Any CPU
	EndGlobalSection
	GlobalSection(ProjectConfigurationPlatforms) = postSolution
		{9CF000BF-DD2F-4BEC-B1A1-78AC18AE281E}.Debug|Any CPU.ActiveCfg = Debug|Any CPU
		{9CF000BF-DD2F-4BEC-B1A1-78AC18AE281E}.Debug|Any CPU.Build.0 = Debug|Any CPU
		{9CF000BF-DD2F-4BEC-B1A1-78AC18AE281E}.Release|Any CPU.ActiveCfg = Release|Any CPU
		{9CF000BF-DD2F-4BEC-B1A1-78AC18AE281E}.Release|Any CPU.Build.0 = Release|Any CPU
	EndGlobalSection
	GlobalSection(SolutionProperties) = preSolution
		HideSolutionNode = FALSE
	EndGlobalSection
	GlobalSection(ExtensibilityGlobals) = postSolution
		SolutionGuid = {A29ED00E-1C8A-4890-A5AC-782BA0371C9C}
	EndGlobalSection
EndGlobal
